# This file was autogenerated by Stack.
# You should not edit this file by hand.
# For more information, please see the documentation at:
#   https://docs.haskellstack.org/en/stable/lock_files

packages:
- completed:
    hackage: Z-Data-0.3.0.0@sha256:a15e638e514e4969b7cd70caa79406e0c7ec18c071ec6e9446243f921b358192,17421
    pantry-tree:
      size: 10907
      sha256: a5efc301eb3699cb4dc7f8d96c5d53d4f90182659c5e6f8f75a58fc4c753c5db
  original:
    hackage: Z-Data-0.3.0.0@sha256:a15e638e514e4969b7cd70caa79406e0c7ec18c071ec6e9446243f921b358192,17421
- completed:
    hackage: Z-IO-0.3.0.0@sha256:fb09f6769ea1b82a393e712d1092eabefb6da3de938e832f99f2b8154e691b2b,19321
    pantry-tree:
      size: 12663
      sha256: 46e7913d605696888de0fb822db49fb66648c43a589908661273edde04f809e0
  original:
    hackage: Z-IO-0.3.0.0@sha256:fb09f6769ea1b82a393e712d1092eabefb6da3de938e832f99f2b8154e691b2b,19321
- completed:
    hackage: hspec-discover-2.7.8@sha256:d2a4c026af0878d9da5f67fbe8928b93798eab51a807171b59c43a164feb72ed,2183
    pantry-tree:
      size: 1131
      sha256: 37a471f0da39cbe11800584eb6c744374cf4756d32ae9477627d86403650f1a2
  original:
    hackage: hspec-discover-2.7.8@sha256:d2a4c026af0878d9da5f67fbe8928b93798eab51a807171b59c43a164feb72ed,2183
- completed:
    hackage: QuickCheck-2.14.2@sha256:4ce29211223d5e6620ebceba34a3ca9ccf1c10c0cf387d48aea45599222ee5aa,7736
    pantry-tree:
      size: 2315
      sha256: 2fe423d0ed7cd64f0f165d708779f48814e66c4f181c568468134af55d86a5f8
  original:
    hackage: QuickCheck-2.14.2@sha256:4ce29211223d5e6620ebceba34a3ca9ccf1c10c0cf387d48aea45599222ee5aa,7736
- completed:
    hackage: case-insensitive-1.2.1.0@sha256:9dfd3171fc7698cf8d931727d3af3a7b389135b583e46b5adac1f9d2026fff61,2244
    pantry-tree:
      size: 688
      sha256: d6f175b17eacce002fc5336c17e119d989bd97f8ad9702446163c9e27c7c79b7
  original:
    hackage: case-insensitive-1.2.1.0@sha256:9dfd3171fc7698cf8d931727d3af3a7b389135b583e46b5adac1f9d2026fff61,2244
- completed:
    hackage: hashable-1.3.1.0@sha256:d965e098e06cc585b201da6137dcb31c40f35eb7a937b833903969447985c076,3784
    pantry-tree:
      size: 937
      sha256: 8ea12ecf91a4d6fd1f1f885faec1b3eeb4baa0db27ccff49072cfdd0c15833ba
  original:
    hackage: hashable-1.3.1.0@sha256:d965e098e06cc585b201da6137dcb31c40f35eb7a937b833903969447985c076,3784
- completed:
    hackage: primitive-0.7.1.0@sha256:f6357d5720c1c665096c3e011467daf443198b786a708d2ff926958a24d508d4,2728
    pantry-tree:
      size: 1376
      sha256: 23b707600721b68533c0d4a4d4358c60946b39c2030747837ab7285530b6f6f0
  original:
    hackage: primitive-0.7.1.0@sha256:f6357d5720c1c665096c3e011467daf443198b786a708d2ff926958a24d508d4,2728
- completed:
    hackage: scientific-0.3.6.2@sha256:dd49abc76bd8e2b57e7a057dc2bb742a00527b4bf9350f9374be03b5934e55d8,4679
    pantry-tree:
      size: 656
      sha256: d05b22ccd31ad7a4438d9217bf44771ac63c4eeb0acc9c624465044e5894766a
  original:
    hackage: scientific-0.3.6.2@sha256:dd49abc76bd8e2b57e7a057dc2bb742a00527b4bf9350f9374be03b5934e55d8,4679
- completed:
    hackage: tagged-0.8.6.1@sha256:98e446479bd3fe5bdc5fa63fec2a2f6998e1bb8cb6db1dee611716f588b3ab28,2770
    pantry-tree:
      size: 496
      sha256: a700dbb711ac55fbbce6283b371379df6f96c3b5d953ce5015c038d82c2e28f0
  original:
    hackage: tagged-0.8.6.1@sha256:98e446479bd3fe5bdc5fa63fec2a2f6998e1bb8cb6db1dee611716f588b3ab28,2770
- completed:
    hackage: unix-time-0.4.7@sha256:c0d971d04561875b908451c563df8728fe6d8639c90e070b244227f13f76ab8e,2570
    pantry-tree:
      size: 1073
      sha256: bc28cbe467d99caa6399e7cd85cf33548776bbd2c1e91369fe10268c9de546e6
  original:
    hackage: unix-time-0.4.7@sha256:c0d971d04561875b908451c563df8728fe6d8639c90e070b244227f13f76ab8e,2570
- completed:
    hackage: unordered-containers-0.2.13.0@sha256:6310c636f92ed4908fdd0de582b6be31c2851c7b5f2ec14e9f416eb94df7a078,4978
    pantry-tree:
      size: 1388
      sha256: 0cdd70d603c621e2b184ff7baa232af8a88a01745710b975b97df63e92c700dd
  original:
    hackage: unordered-containers-0.2.13.0@sha256:6310c636f92ed4908fdd0de582b6be31c2851c7b5f2ec14e9f416eb94df7a078,4978
- completed:
    hackage: integer-logarithms-1.0.3.1@sha256:888fb6c4fbd79ed2e8f8b94b61bccac25f7fab2b13b32b496e86828bc60b17cf,3184
    pantry-tree:
      size: 865
      sha256: 2acf4af718486ea69edd023edd333f836fdd52a07e2211677b5bf22d78da41db
  original:
    hackage: integer-logarithms-1.0.3.1@sha256:888fb6c4fbd79ed2e8f8b94b61bccac25f7fab2b13b32b496e86828bc60b17cf,3184
- completed:
    hackage: old-time-1.1.0.3@sha256:c91fbb3ee73d20ccd015842b30f1f29a304893ebe0ae3128b7bbc13d5bb0d4c8,1328
    pantry-tree:
      size: 810
      sha256: 890bbbdf4175a409efd7c7c9fe153b71680e33bebeb74c9351d7d9d3a59d3d0e
  original:
    hackage: old-time-1.1.0.3@sha256:c91fbb3ee73d20ccd015842b30f1f29a304893ebe0ae3128b7bbc13d5bb0d4c8,1328
- completed:
    hackage: random-1.2.0@sha256:30d72df4cc1d2fe2d445c88f0ee9d21965af7ce86660c43a6c32a6a1d90d51c9,6094
    pantry-tree:
      size: 1259
      sha256: 92b5a834ba603ee4d006968a75847f4fd93a566b8a96e1b463b8229f8ce9961d
  original:
    hackage: random-1.2.0@sha256:30d72df4cc1d2fe2d445c88f0ee9d21965af7ce86660c43a6c32a6a1d90d51c9,6094
- completed:
    hackage: splitmix-0.1.0.3@sha256:fc3aae74c467f4b608050bef53aec17904a618731df9407e655d8f3bf8c32d5c,6049
    pantry-tree:
      size: 1400
      sha256: 8290f921f41c3628a6c9871502e57fd1d25f5954967afbf4ed16717fd8d3656f
  original:
    hackage: splitmix-0.1.0.3@sha256:fc3aae74c467f4b608050bef53aec17904a618731df9407e655d8f3bf8c32d5c,6049
- completed:
    hackage: old-locale-1.0.0.7@sha256:fa998be2c7e00cd26a6e9075bea790caaf3932caa3e9497ad69bc20380dd6911,1071
    pantry-tree:
      size: 263
      sha256: 462ef15cb35164d585aa3860f717c9685fbf05578330490860abd544381d2e24
  original:
    hackage: old-locale-1.0.0.7@sha256:fa998be2c7e00cd26a6e9075bea790caaf3932caa3e9497ad69bc20380dd6911,1071
- completed:
    hackage: hspec-core-2.7.8@sha256:cf7b487eba15177bdf85fcc0871aab8811964fcf570e52bd08aa3c7a30055742,4768
    pantry-tree:
      size: 3799
      sha256: c34db55bd7c647ceeaa690139a3484cb0de3b03bab06a90424f22f0a1afc3a49
  original:
    hackage: hspec-core-2.7.8@sha256:cf7b487eba15177bdf85fcc0871aab8811964fcf570e52bd08aa3c7a30055742,4768
- completed:
    hackage: hspec-expectations-0.8.2@sha256:e2db24881baadc2d9d23b03cb629e80dcbda89a6b04ace9adb5f4d02ef8b31aa,1594
    pantry-tree:
      size: 602
      sha256: cba2c119c85cf68a18d35cccb365d032359442c82ceb93b295020609712d791f
  original:
    hackage: hspec-expectations-0.8.2@sha256:e2db24881baadc2d9d23b03cb629e80dcbda89a6b04ace9adb5f4d02ef8b31aa,1594
- completed:
    hackage: HTTP-4000.3.15@sha256:2ba9cfc40afbb231326c4ff685ae678c4454e449fd41672e5ca75fd757fe6ae6,5935
    pantry-tree:
      size: 1428
      sha256: e13a5e1946d54ca8ba7c08a795280a3c71d73a54f77dfc6967beb67acf0f5c3a
  original:
    hackage: HTTP-4000.3.15@sha256:2ba9cfc40afbb231326c4ff685ae678c4454e449fd41672e5ca75fd757fe6ae6,5935
- completed:
    hackage: async-2.2.3@sha256:0cbefb8247308b38e397e675f832b9bd5317ff1872001d5358f213654423c55b,2920
    pantry-tree:
      size: 501
      sha256: 377430ac1100914cf69806a4b0471d6e2757da539f04462e5bbd1072e0ad1c80
  original:
    hackage: async-2.2.3@sha256:0cbefb8247308b38e397e675f832b9bd5317ff1872001d5358f213654423c55b,2920
- completed:
    hackage: base16-bytestring-0.1.1.7@sha256:0021256a9628971c08da95cb8f4d0d72192f3bb8a7b30b55c080562d17c43dd3,2231
    pantry-tree:
      size: 454
      sha256: 2dc99cd67293b09204098202d0bdcdcf89d2b8c69ce6c8f4e31deadbdab2a7f9
  original:
    hackage: base16-bytestring-0.1.1.7@sha256:0021256a9628971c08da95cb8f4d0d72192f3bb8a7b30b55c080562d17c43dd3,2231
- completed:
    hackage: cryptohash-sha256-0.11.102.0@sha256:daa34001f8221bf550a3afb278ee9ac3a7257dba187cd7ec4bd5436264b26424,5515
    pantry-tree:
      size: 726
      sha256: 8293e5ac27a4f0be5ed0b626bcfa0135a97500ad17476f5883913e7e077d499f
  original:
    hackage: cryptohash-sha256-0.11.102.0@sha256:daa34001f8221bf550a3afb278ee9ac3a7257dba187cd7ec4bd5436264b26424,5515
- completed:
    hackage: echo-0.1.4@sha256:ccce771562c49a2b29a52046ca68c62179e97e8fbeacdae32ca84a85445e8f42,2834
    pantry-tree:
      size: 440
      sha256: 853bd0f0fd83133b9b720414ebb1b6c490ff04a08181d6befc6f6b35e0c76815
  original:
    hackage: echo-0.1.4@sha256:ccce771562c49a2b29a52046ca68c62179e97e8fbeacdae32ca84a85445e8f42,2834
- completed:
    hackage: edit-distance-0.2.2.1@sha256:4d33a49cd383d50af090f1b888642d10116e43809f9da6023d9fc6f67d2656ee,2351
    pantry-tree:
      size: 1008
      sha256: 3bacdb1eee02a3b3e81dcb6a58b685d595a6614fa243cfdfd3e695a4c533944a
  original:
    hackage: edit-distance-0.2.2.1@sha256:4d33a49cd383d50af090f1b888642d10116e43809f9da6023d9fc6f67d2656ee,2351
- completed:
    hackage: hackage-security-0.6.0.1@sha256:e7243dc32731692f2f384e184e5509422488975abb1eafc1b552de711f73226f,12304
    pantry-tree:
      size: 4031
      sha256: f73aa21b33bf8ec6dd8fbe711325ed9c34d6ac2c736888cb94e4779c0e496282
  original:
    hackage: hackage-security-0.6.0.1@sha256:e7243dc32731692f2f384e184e5509422488975abb1eafc1b552de711f73226f,12304
- completed:
    hackage: lukko-0.1.1.3@sha256:2db49b6cb6632a46ec446fc51870cd0d49e0a66d1c5d2063f46ae52a100eb856,4542
    pantry-tree:
      size: 1145
      sha256: f7ac273931dfcbffbc28267081f2cba74c0a2430eca8a3651bca451c22b59201
  original:
    hackage: lukko-0.1.1.3@sha256:2db49b6cb6632a46ec446fc51870cd0d49e0a66d1c5d2063f46ae52a100eb856,4542
- completed:
    hackage: network-uri-2.6.4.1@sha256:a4765164ed0a2d1668446eb2e03460ce98645fbf083598c690846af79b7de10d,2936
    pantry-tree:
      size: 551
      sha256: 68ccb16e252378b2ee6da3e076f6eb55dd7928f0d4dd8beb1969433e9bf6f549
  original:
    hackage: network-uri-2.6.4.1@sha256:a4765164ed0a2d1668446eb2e03460ce98645fbf083598c690846af79b7de10d,2936
- completed:
    hackage: regex-base-0.94.0.1@sha256:6e3546b73cd5489201d481aa645a531f2c61aa317984e31c5f379ac0bcbfbfad,2636
    pantry-tree:
      size: 483
      sha256: f6ae0c79bd46b63d7374b023909ee760ac705a81568a54e2ca8b71d0702865ee
  original:
    hackage: regex-base-0.94.0.1@sha256:6e3546b73cd5489201d481aa645a531f2c61aa317984e31c5f379ac0bcbfbfad,2636
- completed:
    hackage: regex-posix-0.96.0.0@sha256:bd870f983a21bb474bd96449736f011c599981ce70da808a21ec1a28292e5481,2861
    pantry-tree:
      size: 748
      sha256: 79d0d45e38130a82e521f8f88333e9e9236165ddd57a2b615a3c462652d1be12
  original:
    hackage: regex-posix-0.96.0.0@sha256:bd870f983a21bb474bd96449736f011c599981ce70da808a21ec1a28292e5481,2861
- completed:
    hackage: resolv-0.1.2.0@sha256:4d61a65ac5522a869d9dd32c2a67c796f054abe3e4c70df2a13e6e241e23f5a6,4708
    pantry-tree:
      size: 16455
      sha256: 55533d0a14b1653705cf2150c7d78f95fc49c684c44001d12a7dbef9ed5b6f8f
  original:
    hackage: resolv-0.1.2.0@sha256:4d61a65ac5522a869d9dd32c2a67c796f054abe3e4c70df2a13e6e241e23f5a6,4708
- completed:
    hackage: tar-0.5.1.1@sha256:94ded05718fe75b88c98e7113feeb9fca50688a7e59b6aefd80a6f48438c5062,5464
    pantry-tree:
      size: 1069
      sha256: f70e76faf210785adff4da8637b7d886a8f24604cd15584d0073d071ee08092e
  original:
    hackage: tar-0.5.1.1@sha256:94ded05718fe75b88c98e7113feeb9fca50688a7e59b6aefd80a6f48438c5062,5464
- completed:
    hackage: zlib-0.6.2.3@sha256:28f4d460c260e074cab833625454564b9783a3389b7bb91fd54da2790b39592c,5180
    pantry-tree:
      size: 2619
      sha256: ffcf51025a4f5343a81f040fc847f13a63168889faa435f64b3a1528cd25a3d6
  original:
    hackage: zlib-0.6.2.3@sha256:28f4d460c260e074cab833625454564b9783a3389b7bb91fd54da2790b39592c,5180
- completed:
    hackage: base64-bytestring-1.2.0.1@sha256:f4f998235fc0825ab636ca9241b827de5805b336625eb1c7822f1798a238b6ac,2411
    pantry-tree:
      size: 850
      sha256: 20a1631b18066669c8b5e4dae5a32c761e350c91c9d0d3a90ab40f740ff3f6f1
  original:
    hackage: base64-bytestring-1.2.0.1@sha256:f4f998235fc0825ab636ca9241b827de5805b336625eb1c7822f1798a238b6ac,2411
- completed:
    hackage: ed25519-0.0.5.0@sha256:fb98b08de467d51f788f8bd9391f0e9ab9bd4d8dfc264296b895ffea0d822dfa,4165
    pantry-tree:
      size: 5818
      sha256: 74f6391c1b91a3c2c4ad7d2a0ae652b5fc7fab7bf1b55c3751e26ae4c284454f
  original:
    hackage: ed25519-0.0.5.0@sha256:fb98b08de467d51f788f8bd9391f0e9ab9bd4d8dfc264296b895ffea0d822dfa,4165
- completed:
    hackage: network-3.1.2.1@sha256:188d6daea8cd91bc3553efd5a90a1e7c6d0425fa66a53baa74db5b6d9fd75c8b,4968
    pantry-tree:
      size: 3971
      sha256: b4130e25e85c786b91b8ad6137d8a7079859e4d7a9effa1fd4d3785a55b4a9cc
  original:
    hackage: network-3.1.2.1@sha256:188d6daea8cd91bc3553efd5a90a1e7c6d0425fa66a53baa74db5b6d9fd75c8b,4968
- completed:
    hackage: th-compat-0.1.2@sha256:3d55de1adc542c1a870c9ada90da2fbbe5f4e8bcd3eed545a55c3df9311b32a8,2854
    pantry-tree:
      size: 530
      sha256: 4629996e2e8b5bfd5fbd231fb72e2bf68fbeca2c36071f44a90c4310ea73ad01
  original:
    hackage: th-compat-0.1.2@sha256:3d55de1adc542c1a870c9ada90da2fbbe5f4e8bcd3eed545a55c3df9311b32a8,2854
- completed:
    hackage: HUnit-1.6.2.0@sha256:1a79174e8af616117ad39464cac9de205ca923da6582825e97c10786fda933a4,1588
    pantry-tree:
      size: 878
      sha256: 4f20a5a33866171260d0ee1e256c27f53cc84d37a68d498c3e12347f4e3d05b4
  original:
    hackage: HUnit-1.6.2.0@sha256:1a79174e8af616117ad39464cac9de205ca923da6582825e97c10786fda933a4,1588
- completed:
    hackage: ansi-terminal-0.11@sha256:97470250c92aae14c4c810d7f664c532995ba8910e2ad797b29f22ad0d2d0194,3307
    pantry-tree:
      size: 1461
      sha256: 4098c4b8bb503fcf0730aedc8247a479d3e22fd1fe4c6b4b2b2b5da30bdfb713
  original:
    hackage: ansi-terminal-0.11@sha256:97470250c92aae14c4c810d7f664c532995ba8910e2ad797b29f22ad0d2d0194,3307
- completed:
    hackage: call-stack-0.3.0@sha256:dc369179410fd39542efde04778d1c4a18a015b3cf4b1703d9c88e07d58ece20,1105
    pantry-tree:
      size: 501
      sha256: db9e7cef1195c13cc9ceede808a7be464fe0c38fcdfcbf5224bfa3fe6411a460
  original:
    hackage: call-stack-0.3.0@sha256:dc369179410fd39542efde04778d1c4a18a015b3cf4b1703d9c88e07d58ece20,1105
- completed:
    hackage: clock-0.8.2@sha256:473ffd59765cc67634bdc55b63c699a85addf3a024089073ec2a862881e83e2a,4313
    pantry-tree:
      size: 383
      sha256: 8c259cbab153b142020fcb1bd4ca787e0205b5faef6fa2457d83c5d726147a93
  original:
    hackage: clock-0.8.2@sha256:473ffd59765cc67634bdc55b63c699a85addf3a024089073ec2a862881e83e2a,4313
- completed:
    hackage: quickcheck-io-0.2.0@sha256:7bf0b68fb90873825eb2e5e958c1b76126dcf984debb998e81673e6d837e0b2d,1133
    pantry-tree:
      size: 223
      sha256: afaa27fbf8b35aa7ce174abd9c59a84a12fd7f3d08300c3280b22c1d204f11ca
  original:
    hackage: quickcheck-io-0.2.0@sha256:7bf0b68fb90873825eb2e5e958c1b76126dcf984debb998e81673e6d837e0b2d,1133
- completed:
    hackage: setenv-0.1.1.3@sha256:c5916ac0d2a828473cd171261328a290afe0abd799db1ac8c310682fe778c45b,1053
    pantry-tree:
      size: 212
      sha256: 9a071cf2552e6881cd3ac0ce81252d5b96ac7f42cae517d973ea167e3d503265
  original:
    hackage: setenv-0.1.1.3@sha256:c5916ac0d2a828473cd171261328a290afe0abd799db1ac8c310682fe778c45b,1053
- completed:
    hackage: tf-random-0.5@sha256:14012837d0f0e18fdbbe3d56e67da8622ee5e20b180abce952dd50bd9f36b326,3983
    pantry-tree:
      size: 941
      sha256: d6483580cfea846cbf23ff1d7a67849546d5096425b6d61318a34554043b4ffb
  original:
    hackage: tf-random-0.5@sha256:14012837d0f0e18fdbbe3d56e67da8622ee5e20b180abce952dd50bd9f36b326,3983
- completed:
    hackage: colour-2.3.5@sha256:b27db0a3ad40d70bdbd8510a104269f8707592e80757a1abc66a22ba25e5a42f,1801
    pantry-tree:
      size: 1183
      sha256: ff0f5e24e9f669ceedfcae4d11fd6c68820bbaa2e07ab277368946e9b0f6f8a4
  original:
    hackage: colour-2.3.5@sha256:b27db0a3ad40d70bdbd8510a104269f8707592e80757a1abc66a22ba25e5a42f,1801
- completed:
    hackage: hspec-2.7.8@sha256:d9c8e3a8ff5f8d38eb7ab95aac0b50215def0071de091335dcab2f6e0324f226,1709
    pantry-tree:
      size: 583
      sha256: 68cfb48dcf32e6a12ed9abb36a15e54c94c46f32e665f771ea3642dbf4ba2a7d
  original:
    hackage: hspec-2.7.8@sha256:d9c8e3a8ff5f8d38eb7ab95aac0b50215def0071de091335dcab2f6e0324f226,1709
- completed:
    hackage: quickcheck-instances-0.3.25.2@sha256:58e409ce9d6fd8b31365acea41178ec01a1b44284822984aeeefb82f07c2ba5e,4470
    pantry-tree:
      size: 2114
      sha256: b40bfb3b7db87d5cd004dc0f78a863be4871dabbb72d5ceb53ffa9048d54596b
  original:
    hackage: quickcheck-instances-0.3.25.2@sha256:58e409ce9d6fd8b31365acea41178ec01a1b44284822984aeeefb82f07c2ba5e,4470
- completed:
    hackage: data-fix-0.3.1@sha256:7aee2c0633632479cef93c8000befd5bc950ba7c329d69e918ca520944164e27,1645
    pantry-tree:
      size: 261
      sha256: 8802b0b00dfbbd8526aec56d31f8dd7193b0af4f694144958c3ab08dd1f60f78
  original:
    hackage: data-fix-0.3.1@sha256:7aee2c0633632479cef93c8000befd5bc950ba7c329d69e918ca520944164e27,1645
- completed:
    hackage: strict-0.4.0.1@sha256:08cf72ad570fddfe3b3424117bf20a303a1fb21047b40c1d6c8004c0e3e02a0b,4124
    pantry-tree:
      size: 654
      sha256: f490c0ecce59996cdd154e753de05733a3edbb9f65d1b768133e6f79f73de572
  original:
    hackage: strict-0.4.0.1@sha256:08cf72ad570fddfe3b3424117bf20a303a1fb21047b40c1d6c8004c0e3e02a0b,4124
- completed:
    hackage: these-1.1.1.1@sha256:e981c65228db5ae77a043631f74a1e4a4b770f7213866f584e3476b52512f1af,2631
    pantry-tree:
      size: 351
      sha256: f049b5e53b8636fba73497f36244cb8c2f1515ee8a07469335d260258d6f9551
  original:
    hackage: these-1.1.1.1@sha256:e981c65228db5ae77a043631f74a1e4a4b770f7213866f584e3476b52512f1af,2631
- completed:
    hackage: time-compat-1.9.5@sha256:a586bd5a59b47ea0c9eafc55c6936ede11126f4a6e619d6d7aeefee73c43d9b8,4954
    pantry-tree:
      size: 4112
      sha256: 33fae470570e9ddcb5eacd33924c8b2118936fa4b633cd3350d3a53df5b17d54
  original:
    hackage: time-compat-1.9.5@sha256:a586bd5a59b47ea0c9eafc55c6936ede11126f4a6e619d6d7aeefee73c43d9b8,4954
- completed:
    hackage: transformers-compat-0.6.6@sha256:510709db2b12d1510d70de824ee544ca0a9e6f27aa7e299218cbacc0750b4a5e,5560
    pantry-tree:
      size: 1777
      sha256: e53f7b8deb576db7baa6e4c13a7c9904cd247f6e4807bd12a058d1527197064e
  original:
    hackage: transformers-compat-0.6.6@sha256:510709db2b12d1510d70de824ee544ca0a9e6f27aa7e299218cbacc0750b4a5e,5560
- completed:
    hackage: uuid-types-1.0.4@sha256:34de8cf688e30f668cba5e5d79e907eb7f65bca2538ce927fddb42d74840036b,2433
    pantry-tree:
      size: 480
      sha256: 1b4d8a26ba0790aca64ac35d358beba47304438442840adcbedd3381888ba838
  original:
    hackage: uuid-types-1.0.4@sha256:34de8cf688e30f668cba5e5d79e907eb7f65bca2538ce927fddb42d74840036b,2433
- completed:
    hackage: vector-0.12.2.0@sha256:6e81683c2c19b4aea58f1f453547cb03851b3cfd4031b8eb82abfa4643a13494,7953
    pantry-tree:
      size: 3841
      sha256: 666939d042ad8880bb66f4c00ebe71167354649ed4f1e4ddce99de355921c25e
  original:
    hackage: vector-0.12.2.0@sha256:6e81683c2c19b4aea58f1f453547cb03851b3cfd4031b8eb82abfa4643a13494,7953
- completed:
    hackage: assoc-1.0.2@sha256:a824e4f615469a27ad949dbf4907ba258bd6b459deebec00524c7bcb3f65cc9f,1205
    pantry-tree:
      size: 290
      sha256: 0f909dd8aecabf2eab787a14e679083056abf14f97ed473ba642dac031dffc9f
  original:
    hackage: assoc-1.0.2@sha256:a824e4f615469a27ad949dbf4907ba258bd6b459deebec00524c7bcb3f65cc9f,1205
- completed:
    hackage: base-orphans-0.8.4@sha256:9a70dc95761ab9a9d49a038a4599b7b7945d486d80ed1678f347445bc336f3e0,3149
    pantry-tree:
      size: 1272
      sha256: a0bef7fa45e025ba23bf18d11240abc02cf82a4b9c087833af719d19427fe799
  original:
    hackage: base-orphans-0.8.4@sha256:9a70dc95761ab9a9d49a038a4599b7b7945d486d80ed1678f347445bc336f3e0,3149
- completed:
    hackage: bifunctors-5.5.10@sha256:52ae8b959de7bb2d5ec38750b9bc2782c90b5bf48805d635eb6ac0cfeb5b1bd6,3738
    pantry-tree:
      size: 1758
      sha256: 02af9a75e05e866c3309004db7ec72f587ea4fe421aeeb65a42bd391f7e95d8d
  original:
    hackage: bifunctors-5.5.10@sha256:52ae8b959de7bb2d5ec38750b9bc2782c90b5bf48805d635eb6ac0cfeb5b1bd6,3738
- completed:
    hackage: comonad-5.0.8@sha256:a3a140be7a21d6ba16bf9102bf4c79455ff3213679311587bac45ba0723c8d7a,3492
    pantry-tree:
      size: 1618
      sha256: c448878c6b55dece92a8f76566f13dff9fafe46fe911598f1353ae7b55153f41
  original:
    hackage: comonad-5.0.8@sha256:a3a140be7a21d6ba16bf9102bf4c79455ff3213679311587bac45ba0723c8d7a,3492
- completed:
    hackage: th-abstraction-0.4.2.0@sha256:2c754cd15370f8c59c8e6c37d44428a78d0b4afc94e13b3958a1a50cd16f6e84,2124
    pantry-tree:
      size: 670
      sha256: 4d7de058f3dd57de2a89ea92e812c37ab5418d2fbac620db8c815e7eb4d856ac
  original:
    hackage: th-abstraction-0.4.2.0@sha256:2c754cd15370f8c59c8e6c37d44428a78d0b4afc94e13b3958a1a50cd16f6e84,2124
- completed:
    hackage: distributive-0.6.2.1@sha256:2823eff05c6b093492efe804027e7cf82757221f934964c76106ac3248899b89,2874
    pantry-tree:
      size: 735
      sha256: bf97136853fad2c7e4f8800248ace71be3a125aa262313626f6cc6708634f57a
  original:
    hackage: distributive-0.6.2.1@sha256:2823eff05c6b093492efe804027e7cf82757221f934964c76106ac3248899b89,2874
- completed:
    hackage: indexed-traversable-0.1.1@sha256:e330ec1ab336ee2fb1eff117ebe3480d1663396fecd981f185b7123dc7941ae1,2469
    pantry-tree:
      size: 495
      sha256: 52d8bab517f47381ad864f636c89c5d23bc862c28d7bd826f930975c3c37a228
  original:
    hackage: indexed-traversable-0.1.1@sha256:e330ec1ab336ee2fb1eff117ebe3480d1663396fecd981f185b7123dc7941ae1,2469
snapshots: []
